// !$*UTF8*$!
{
	archiveVersion = 1;
	classes = {
	};
	objectVersion = 46;
	objects = {

/* Begin PBXBuildFile section */
		03D9DFC01E02085F008749FE /* AppDelegate.swift in Sources */ = {isa = PBXBuildFile; fileRef = 03D9DFBF1E02085F008749FE /* AppDelegate.swift */; };
		03D9DFC21E02085F008749FE /* ViewController.swift in Sources */ = {isa = PBXBuildFile; fileRef = 03D9DFC11E02085F008749FE /* ViewController.swift */; };
		03D9DFC51E02085F008749FE /* Main.storyboard in Resources */ = {isa = PBXBuildFile; fileRef = 03D9DFC31E02085F008749FE /* Main.storyboard */; };
		03D9DFC71E02085F008749FE /* Assets.xcassets in Resources */ = {isa = PBXBuildFile; fileRef = 03D9DFC61E02085F008749FE /* Assets.xcassets */; };
		03D9DFCA1E02085F008749FE /* LaunchScreen.storyboard in Resources */ = {isa = PBXBuildFile; fileRef = 03D9DFC81E02085F008749FE /* LaunchScreen.storyboard */; };
		03D9DFD51E02085F008749FE /* futbol_iwebTests.swift in Sources */ = {isa = PBXBuildFile; fileRef = 03D9DFD41E02085F008749FE /* futbol_iwebTests.swift */; };
		03D9DFE01E02085F008749FE /* futbol_iwebUITests.swift in Sources */ = {isa = PBXBuildFile; fileRef = 03D9DFDF1E02085F008749FE /* futbol_iwebUITests.swift */; };
/* End PBXBuildFile section */

/* Begin PBXContainerItemProxy section */
		03D9DFD11E02085F008749FE /* PBXContainerItemProxy */ = {
			isa = PBXContainerItemProxy;
			containerPortal = 03D9DFB41E02085F008749FE /* Project object */;
			proxyType = 1;
			remoteGlobalIDString = 03D9DFBB1E02085F008749FE;
			remoteInfo = futbol_iweb;
		};
		03D9DFDC1E02085F008749FE /* PBXContainerItemProxy */ = {
			isa = PBXContainerItemProxy;
			containerPortal = 03D9DFB41E02085F008749FE /* Project object */;
			proxyType = 1;
			remoteGlobalIDString = 03D9DFBB1E02085F008749FE;
			remoteInfo = futbol_iweb;
		};
/* End PBXContainerItemProxy section */

/* Begin PBXFileReference section */
		03D9DFBC1E02085F008749FE /* futbol_iweb.app */ = {isa = PBXFileReference; explicitFileType = wrapper.application; includeInIndex = 0; path = futbol_iweb.app; sourceTree = BUILT_PRODUCTS_DIR; };
		03D9DFBF1E02085F008749FE /* AppDelegate.swift */ = {isa = PBXFileReference; lastKnownFileType = sourcecode.swift; path = AppDelegate.swift; sourceTree = "<group>"; };
		03D9DFC11E02085F008749FE /* ViewController.swift */ = {isa = PBXFileReference; lastKnownFileType = sourcecode.swift; path = ViewController.swift; sourceTree = "<group>"; };
		03D9DFC41E02085F008749FE /* Base */ = {isa = PBXFileReference; lastKnownFileType = file.storyboard; name = Base; path = Base.lproj/Main.storyboard; sourceTree = "<group>"; };
		03D9DFC61E02085F008749FE /* Assets.xcassets */ = {isa = PBXFileReference; lastKnownFileType = folder.assetcatalog; path = Assets.xcassets; sourceTree = "<group>"; };
		03D9DFC91E02085F008749FE /* Base */ = {isa = PBXFileReference; lastKnownFileType = file.storyboard; name = Base; path = Base.lproj/LaunchScreen.storyboard; sourceTree = "<group>"; };
		03D9DFCB1E02085F008749FE /* Info.plist */ = {isa = PBXFileReference; lastKnownFileType = text.plist.xml; path = Info.plist; sourceTree = "<group>"; };
		03D9DFD01E02085F008749FE /* futbol_iwebTests.xctest */ = {isa = PBXFileReference; explicitFileType = wrapper.cfbundle; includeInIndex = 0; path = futbol_iwebTests.xctest; sourceTree = BUILT_PRODUCTS_DIR; };
		03D9DFD41E02085F008749FE /* futbol_iwebTests.swift */ = {isa = PBXFileReference; lastKnownFileType = sourcecode.swift; path = futbol_iwebTests.swift; sourceTree = "<group>"; };
		03D9DFD61E02085F008749FE /* Info.plist */ = {isa = PBXFileReference; lastKnownFileType = text.plist.xml; path = Info.plist; sourceTree = "<group>"; };
		03D9DFDB1E02085F008749FE /* futbol_iwebUITests.xctest */ = {isa = PBXFileReference; explicitFileType = wrapper.cfbundle; includeInIndex = 0; path = futbol_iwebUITests.xctest; sourceTree = BUILT_PRODUCTS_DIR; };
		03D9DFDF1E02085F008749FE /* futbol_iwebUITests.swift */ = {isa = PBXFileReference; lastKnownFileType = sourcecode.swift; path = futbol_iwebUITests.swift; sourceTree = "<group>"; };
		03D9DFE11E02085F008749FE /* Info.plist */ = {isa = PBXFileReference; lastKnownFileType = text.plist.xml; path = Info.plist; sourceTree = "<group>"; };
/* End PBXFileReference section */

/* Begin PBXFrameworksBuildPhase section */
		03D9DFB91E02085F008749FE /* Frameworks */ = {
			isa = PBXFrameworksBuildPhase;
			buildActionMask = 2147483647;
			files = (
			);
			runOnlyForDeploymentPostprocessing = 0;
		};
		03D9DFCD1E02085F008749FE /* Frameworks */ = {
			isa = PBXFrameworksBuildPhase;
			buildActionMask = 2147483647;
			files = (
			);
			runOnlyForDeploymentPostprocessing = 0;
		};
		03D9DFD81E02085F008749FE /* Frameworks */ = {
			isa = PBXFrameworksBuildPhase;
			buildActionMask = 2147483647;
			files = (
			);
			runOnlyForDeploymentPostprocessing = 0;
		};
/* End PBXFrameworksBuildPhase section */

/* Begin PBXGroup section */
		03D9DFB31E02085F008749FE = {
			isa = PBXGroup;
			children = (
				03D9DFBE1E02085F008749FE /* futbol_iweb */,
				03D9DFD31E02085F008749FE /* futbol_iwebTests */,
				03D9DFDE1E02085F008749FE /* futbol_iwebUITests */,
				03D9DFBD1E02085F008749FE /* Products */,
			);
			sourceTree = "<group>";
		};
		03D9DFBD1E02085F008749FE /* Products */ = {
			isa = PBXGroup;
			children = (
				03D9DFBC1E02085F008749FE /* futbol_iweb.app */,
				03D9DFD01E02085F008749FE /* futbol_iwebTests.xctest */,
				03D9DFDB1E02085F008749FE /* futbol_iwebUITests.xctest */,
			);
			name = Products;
			sourceTree = "<group>";
		};
		03D9DFBE1E02085F008749FE /* futbol_iweb */ = {
			isa = PBXGroup;
			children = (
				03D9DFBF1E02085F008749FE /* AppDelegate.swift */,
				03D9DFC11E02085F008749FE /* ViewController.swift */,
				03D9DFC31E02085F008749FE /* Main.storyboard */,
				03D9DFC61E02085F008749FE /* Assets.xcassets */,
				03D9DFC81E02085F008749FE /* LaunchScreen.storyboard */,
				03D9DFCB1E02085F008749FE /* Info.plist */,
			);
			path = futbol_iweb;
			sourceTree = "<group>";
		};
		03D9DFD31E02085F008749FE /* futbol_iwebTests */ = {
			isa = PBXGroup;
			children = (
				03D9DFD41E02085F008749FE /* futbol_iwebTests.swift */,
				03D9DFD61E02085F008749FE /* Info.plist */,
			);
			path = futbol_iwebTests;
			sourceTree = "<group>";
		};
		03D9DFDE1E02085F008749FE /* futbol_iwebUITests */ = {
			isa = PBXGroup;
			children = (
				03D9DFDF1E02085F008749FE /* futbol_iwebUITests.swift */,
				03D9DFE11E02085F008749FE /* Info.plist */,
			);
			path = futbol_iwebUITests;
			sourceTree = "<group>";
		};
/* End PBXGroup section */

/* Begin PBXNativeTarget section */
		03D9DFBB1E02085F008749FE /* futbol_iweb */ = {
			isa = PBXNativeTarget;
			buildConfigurationList = 03D9DFE41E02085F008749FE /* Build configuration list for PBXNativeTarget "futbol_iweb" */;
			buildPhases = (
				03D9DFB81E02085F008749FE /* Sources */,
				03D9DFB91E02085F008749FE /* Frameworks */,
				03D9DFBA1E02085F008749FE /* Resources */,
			);
			buildRules = (
			);
			dependencies = (
			);
			name = futbol_iweb;
			productName = futbol_iweb;
			productReference = 03D9DFBC1E02085F008749FE /* futbol_iweb.app */;
			productType = "com.apple.product-type.application";
		};
		03D9DFCF1E02085F008749FE /* futbol_iwebTests */ = {
			isa = PBXNativeTarget;
			buildConfigurationList = 03D9DFE71E02085F008749FE /* Build configuration list for PBXNativeTarget "futbol_iwebTests" */;
			buildPhases = (
				03D9DFCC1E02085F008749FE /* Sources */,
				03D9DFCD1E02085F008749FE /* Frameworks */,
				03D9DFCE1E02085F008749FE /* Resources */,
			);
			buildRules = (
			);
			dependencies = (
				03D9DFD21E02085F008749FE /* PBXTargetDependency */,
			);
			name = futbol_iwebTests;
			productName = futbol_iwebTests;
			productReference = 03D9DFD01E02085F008749FE /* futbol_iwebTests.xctest */;
			productType = "com.apple.product-type.bundle.unit-test";
		};
		03D9DFDA1E02085F008749FE /* futbol_iwebUITests */ = {
			isa = PBXNativeTarget;
			buildConfigurationList = 03D9DFEA1E02085F008749FE /* Build configuration list for PBXNativeTarget "futbol_iwebUITests" */;
			buildPhases = (
				03D9DFD71E02085F008749FE /* Sources */,
				03D9DFD81E02085F008749FE /* Frameworks */,
				03D9DFD91E02085F008749FE /* Resources */,
			);
			buildRules = (
			);
			dependencies = (
				03D9DFDD1E02085F008749FE /* PBXTargetDependency */,
			);
			name = futbol_iwebUITests;
			productName = futbol_iwebUITests;
			productReference = 03D9DFDB1E02085F008749FE /* futbol_iwebUITests.xctest */;
			productType = "com.apple.product-type.bundle.ui-testing";
		};
/* End PBXNativeTarget section */

/* Begin PBXProject section */
		03D9DFB41E02085F008749FE /* Project object */ = {
			isa = PBXProject;
			attributes = {
				LastSwiftUpdateCheck = 0800;
				LastUpgradeCheck = 0800;
				ORGANIZATIONNAME = "Felix Mezo";
				TargetAttributes = {
					03D9DFBB1E02085F008749FE = {
						CreatedOnToolsVersion = 8.0;
						ProvisioningStyle = Automatic;
					};
					03D9DFCF1E02085F008749FE = {
						CreatedOnToolsVersion = 8.0;
						ProvisioningStyle = Automatic;
						TestTargetID = 03D9DFBB1E02085F008749FE;
					};
					03D9DFDA1E02085F008749FE = {
						CreatedOnToolsVersion = 8.0;
						ProvisioningStyle = Automatic;
						TestTargetID = 03D9DFBB1E02085F008749FE;
					};
				};
			};
			buildConfigurationList = 03D9DFB71E02085F008749FE /* Build configuration list for PBXProject "futbol_iweb" */;
			compatibilityVersion = "Xcode 3.2";
			developmentRegion = English;
			hasScannedForEncodings = 0;
			knownRegions = (
				en,
				Base,
			);
			mainGroup = 03D9DFB31E02085F008749FE;
			productRefGroup = 03D9DFBD1E02085F008749FE /* Products */;
			projectDirPath = "";
			projectRoot = "";
			targets = (
				03D9DFBB1E02085F008749FE /* futbol_iweb */,
				03D9DFCF1E02085F008749FE /* futbol_iwebTests */,
				03D9DFDA1E02085F008749FE /* futbol_iwebUITests */,
			);
		};
/* End PBXProject section */

/* Begin PBXResourcesBuildPhase section */
		03D9DFBA1E02085F008749FE /* Resources */ = {
			isa = PBXResourcesBuildPhase;
			buildActionMask = 2147483647;
			files = (
				03D9DFCA1E02085F008749FE /* LaunchScreen.storyboard in Resources */,
				03D9DFC71E02085F008749FE /* Assets.xcassets in Resources */,
				03D9DFC51E02085F008749FE /* Main.storyboard in Resources */,
			);
			runOnlyForDeploymentPostprocessing = 0;
		};
		03D9DFCE1E02085F008749FE /* Resources */ = {
			isa = PBXResourcesBuildPhase;
			buildActionMask = 2147483647;
			files = (
			);
			runOnlyForDeploymentPostprocessing = 0;
		};
		03D9DFD91E02085F008749FE /* Resources */ = {
			isa = PBXResourcesBuildPhase;
			buildActionMask = 2147483647;
			files = (
			);
			runOnlyForDeploymentPostprocessing = 0;
		};
/* End PBXResourcesBuildPhase section */

/* Begin PBXSourcesBuildPhase section */
		03D9DFB81E02085F008749FE /* Sources */ = {
			isa = PBXSourcesBuildPhase;
			buildActionMask = 2147483647;
			files = (
				03D9DFC21E02085F008749FE /* ViewController.swift in Sources */,
				03D9DFC01E02085F008749FE /* AppDelegate.swift in Sources */,
			);
			runOnlyForDeploymentPostprocessing = 0;
		};
		03D9DFCC1E02085F008749FE /* Sources */ = {
			isa = PBXSourcesBuildPhase;
			buildActionMask = 2147483647;
			files = (
				03D9DFD51E02085F008749FE /* futbol_iwebTests.swift in Sources */,
			);
			runOnlyForDeploymentPostprocessing = 0;
		};
		03D9DFD71E02085F008749FE /* Sources */ = {
			isa = PBXSourcesBuildPhase;
			buildActionMask = 2147483647;
			files = (
				03D9DFE01E02085F008749FE /* futbol_iwebUITests.swift in Sources */,
			);
			runOnlyForDeploymentPostprocessing = 0;
		};
/* End PBXSourcesBuildPhase section */

/* Begin PBXTargetDependency section */
		03D9DFD21E02085F008749FE /* PBXTargetDependency */ = {
			isa = PBXTargetDependency;
			target = 03D9DFBB1E02085F008749FE /* futbol_iweb */;
			targetProxy = 03D9DFD11E02085F008749FE /* PBXContainerItemProxy */;
		};
		03D9DFDD1E02085F008749FE /* PBXTargetDependency */ = {
			isa = PBXTargetDependency;
			target = 03D9DFBB1E02085F008749FE /* futbol_iweb */;
			targetProxy = 03D9DFDC1E02085F008749FE /* PBXContainerItemProxy */;
		};
/* End PBXTargetDependency section */

/* Begin PBXVariantGroup section */
		03D9DFC31E02085F008749FE /* Main.storyboard */ = {
			isa = PBXVariantGroup;
			children = (
				03D9DFC41E02085F008749FE /* Base */,
			);
			name = Main.storyboard;
			sourceTree = "<group>";
		};
		03D9DFC81E02085F008749FE /* LaunchScreen.storyboard */ = {
			isa = PBXVariantGroup;
			children = (
				03D9DFC91E02085F008749FE /* Base */,
			);
			name = LaunchScreen.storyboard;
			sourceTree = "<group>";
		};
/* End PBXVariantGroup section */

/* Begin XCBuildConfiguration section */
		03D9DFE21E02085F008749FE /* Debug */ = {
			isa = XCBuildConfiguration;
			buildSettings = {
				ALWAYS_SEARCH_USER_PATHS = NO;
				CLANG_ANALYZER_NONNULL = YES;
				CLANG_CXX_LANGUAGE_STANDARD = "gnu++0x";
				CLANG_CXX_LIBRARY = "libc++";
				CLANG_ENABLE_MODULES = YES;
				CLANG_ENABLE_OBJC_ARC = YES;
				CLANG_WARN_BOOL_CONVERSION = YES;
				CLANG_WARN_CONSTANT_CONVERSION = YES;
				CLANG_WARN_DIRECT_OBJC_ISA_USAGE = YES_ERROR;
				CLANG_WARN_DOCUMENTATION_COMMENTS = YES;
				CLANG_WARN_EMPTY_BODY = YES;
				CLANG_WARN_ENUM_CONVERSION = YES;
				CLANG_WARN_INFINITE_RECURSION = YES;
				CLANG_WARN_INT_CONVERSION = YES;
				CLANG_WARN_OBJC_ROOT_CLASS = YES_ERROR;
				CLANG_WARN_SUSPICIOUS_MOVES = YES;
				CLANG_WARN_UNREACHABLE_CODE = YES;
				CLANG_WARN__DUPLICATE_METHOD_MATCH = YES;
				"CODE_SIGN_IDENTITY[sdk=iphoneos*]" = "iPhone Developer";
				COPY_PHASE_STRIP = NO;
				DEBUG_INFORMATION_FORMAT = dwarf;
				ENABLE_STRICT_OBJC_MSGSEND = YES;
				ENABLE_TESTABILITY = YES;
				GCC_C_LANGUAGE_STANDARD = gnu99;
				GCC_DYNAMIC_NO_PIC = NO;
				GCC_NO_COMMON_BLOCKS = YES;
				GCC_OPTIMIZATION_LEVEL = 0;
				GCC_PREPROCESSOR_DEFINITIONS = (
					"DEBUG=1",
					"$(inherited)",
				);
				GCC_WARN_64_TO_32_BIT_CONVERSION = YES;
				GCC_WARN_ABOUT_RETURN_TYPE = YES_ERROR;
				GCC_WARN_UNDECLARED_SELECTOR = YES;
				GCC_WARN_UNINITIALIZED_AUTOS = YES_AGGRESSIVE;
				GCC_WARN_UNUSED_FUNCTION = YES;
				GCC_WARN_UNUSED_VARIABLE = YES;
				IPHONEOS_DEPLOYMENT_TARGET = 10.0;
				MTL_ENABLE_DEBUG_INFO = YES;
				ONLY_ACTIVE_ARCH = YES;
				SDKROOT = iphoneos;
				SWIFT_ACTIVE_COMPILATION_CONDITIONS = DEBUG;
				SWIFT_OPTIMIZATION_LEVEL = "-Onone";
				TARGETED_DEVICE_FAMILY = "1,2";
			};
			name = Debug;
		};
		03D9DFE31E02085F008749FE /* Release */ = {
			isa = XCBuildConfiguration;
			buildSettings = {
				ALWAYS_SEARCH_USER_PATHS = NO;
				CLANG_ANALYZER_NONNULL = YES;
				CLANG_CXX_LANGUAGE_STANDARD = "gnu++0x";
				CLANG_CXX_LIBRARY = "libc++";
				CLANG_ENABLE_MODULES = YES;
				CLANG_ENABLE_OBJC_ARC = YES;
				CLANG_WARN_BOOL_CONVERSION = YES;
				CLANG_WARN_CONSTANT_CONVERSION = YES;
				CLANG_WARN_DIRECT_OBJC_ISA_USAGE = YES_ERROR;
				CLANG_WARN_DOCUMENTATION_COMMENTS = YES;
				CLANG_WARN_EMPTY_BODY = YES;
				CLANG_WARN_ENUM_CONVERSION = YES;
				CLANG_WARN_INFINITE_RECURSION = YES;
				CLANG_WARN_INT_CONVERSION = YES;
				CLANG_WARN_OBJC_ROOT_CLASS = YES_ERROR;
				CLANG_WARN_SUSPICIOUS_MOVES = YES;
				CLANG_WARN_UNREACHABLE_CODE = YES;
				CLANG_WARN__DUPLICATE_METHOD_MATCH = YES;
				"CODE_SIGN_IDENTITY[sdk=iphoneos*]" = "iPhone Developer";
				COPY_PHASE_STRIP = NO;
				DEBUG_INFORMATION_FORMAT = "dwarf-with-dsym";
				ENABLE_NS_ASSERTIONS = NO;
				ENABLE_STRICT_OBJC_MSGSEND = YES;
				GCC_C_LANGUAGE_STANDARD = gnu99;
				GCC_NO_COMMON_BLOCKS = YES;
				GCC_WARN_64_TO_32_BIT_CONVERSION = YES;
				GCC_WARN_ABOUT_RETURN_TYPE = YES_ERROR;
				GCC_WARN_UNDECLARED_SELECTOR = YES;
				GCC_WARN_UNINITIALIZED_AUTOS = YES_AGGRESSIVE;
				GCC_WARN_UNUSED_FUNCTION = YES;
				GCC_WARN_UNUSED_VARIABLE = YES;
				IPHONEOS_DEPLOYMENT_TARGET = 10.0;
				MTL_ENABLE_DEBUG_INFO = NO;
				SDKROOT = iphoneos;
				SWIFT_OPTIMIZATION_LEVEL = "-Owholemodule";
				TARGETED_DEVICE_FAMILY = "1,2";
				VALIDATE_PRODUCT = YES;
			};
			name = Release;
		};
		03D9DFE51E02085F008749FE /* Debug */ = {
			isa = XCBuildConfiguration;
			buildSettings = {
				ASSETCATALOG_COMPILER_APPICON_NAME = AppIcon;
				INFOPLIST_FILE = futbol_iweb/Info.plist;
				LD_RUNPATH_SEARCH_PATHS = "$(inherited) @executable_path/Frameworks";
				PRODUCT_BUNDLE_IDENTIFIER = "Universidad-Politecnica-de-Madrid.futbol-iweb";
				PRODUCT_NAME = "$(TARGET_NAME)";
				SWIFT_VERSION = 3.0;
			};
			name = Debug;
		};
		03D9DFE61E02085F008749FE /* Release */ = {
			isa = XCBuildConfiguration;
			buildSettings = {
				ASSETCATALOG_COMPILER_APPICON_NAME = AppIcon;
				INFOPLIST_FILE = futbol_iweb/Info.plist;
				LD_RUNPATH_SEARCH_PATHS = "$(inherited) @executable_path/Frameworks";
				PRODUCT_BUNDLE_IDENTIFIER = "Universidad-Politecnica-de-Madrid.futbol-iweb";
				PRODUCT_NAME = "$(TARGET_NAME)";
				SWIFT_VERSION = 3.0;
			};
			name = Release;
		};
		03D9DFE81E02085F008749FE /* Debug */ = {
			isa = XCBuildConfiguration;
			buildSettings = {
				ALWAYS_EMBED_SWIFT_STANDARD_LIBRARIES = YES;
				BUNDLE_LOADER = "$(TEST_HOST)";
				INFOPLIST_FILE = futbol_iwebTests/Info.plist;
				LD_RUNPATH_SEARCH_PATHS = "$(inherited) @executable_path/Frameworks @loader_path/Frameworks";
				PRODUCT_BUNDLE_IDENTIFIER = "Universidad-Politecnica-de-Madrid.futbol-iwebTests";
				PRODUCT_NAME = "$(TARGET_NAME)";
				SWIFT_VERSION = 3.0;
				TEST_HOST = "$(BUILT_PRODUCTS_DIR)/futbol_iweb.app/futbol_iweb";
			};
			name = Debug;
		};
		03D9DFE91E02085F008749FE /* Release */ = {
			isa = XCBuildConfiguration;
			buildSettings = {
				ALWAYS_EMBED_SWIFT_STANDARD_LIBRARIES = YES;
				BUNDLE_LOADER = "$(TEST_HOST)";
				INFOPLIST_FILE = futbol_iwebTests/Info.plist;
				LD_RUNPATH_SEARCH_PATHS = "$(inherited) @executable_path/Frameworks @loader_path/Frameworks";
				PRODUCT_BUNDLE_IDENTIFIER = "Universidad-Politecnica-de-Madrid.futbol-iwebTests";
				PRODUCT_NAME = "$(TARGET_NAME)";
				SWIFT_VERSION = 3.0;
				TEST_HOST = "$(BUILT_PRODUCTS_DIR)/futbol_iweb.app/futbol_iweb";
			};
			name = Release;
		};
		03D9DFEB1E02085F008749FE /* Debug */ = {
			isa = XCBuildConfiguration;
			buildSettings = {
				ALWAYS_EMBED_SWIFT_STANDARD_LIBRARIES = YES;
				INFOPLIST_FILE = futbol_iwebUITests/Info.plist;
				LD_RUNPATH_SEARCH_PATHS = "$(inherited) @executable_path/Frameworks @loader_path/Frameworks";
				PRODUCT_BUNDLE_IDENTIFIER = "Universidad-Politecnica-de-Madrid.futbol-iwebUITests";
				PRODUCT_NAME = "$(TARGET_NAME)";
				SWIFT_VERSION = 3.0;
				TEST_TARGET_NAME = futbol_iweb;
			};
			name = Debug;
		};
		03D9DFEC1E02085F008749FE /* Release */ = {
			isa = XCBuildConfiguration;
			buildSettings = {
				ALWAYS_EMBED_SWIFT_STANDARD_LIBRARIES = YES;
				INFOPLIST_FILE = futbol_iwebUITests/Info.plist;
				LD_RUNPATH_SEARCH_PATHS = "$(inherited) @executable_path/Frameworks @loader_path/Frameworks";
				PRODUCT_BUNDLE_IDENTIFIER = "Universidad-Politecnica-de-Madrid.futbol-iwebUITests";
				PRODUCT_NAME = "$(TARGET_NAME)";
				SWIFT_VERSION = 3.0;
				TEST_TARGET_NAME = futbol_iweb;
			};
			name = Release;
		};
/* End XCBuildConfiguration section */

/* Begin XCConfigurationList section */
		03D9DFB71E02085F008749FE /* Build configuration list for PBXProject "futbol_iweb" */ = {
			isa = XCConfigurationList;
			buildConfigurations = (
				03D9DFE21E02085F008749FE /* Debug */,
				03D9DFE31E02085F008749FE /* Release */,
			);
			defaultConfigurationIsVisible = 0;
			defaultConfigurationName = Release;
		};
		03D9DFE41E02085F008749FE /* Build configuration list for PBXNativeTarget "futbol_iweb" */ = {
			isa = XCConfigurationList;
			buildConfigurations = (
				03D9DFE51E02085F008749FE /* Debug */,
				03D9DFE61E02085F008749FE /* Release */,
			);
			defaultConfigurationIsVisible = 0;
		};
		03D9DFE71E02085F008749FE /* Build configuration list for PBXNativeTarget "futbol_iwebTests" */ = {
			isa = XCConfigurationList;
			buildConfigurations = (
				03D9DFE81E02085F008749FE /* Debug */,
				03D9DFE91E02085F008749FE /* Release */,
			);
			defaultConfigurationIsVisible = 0;
		};
		03D9DFEA1E02085F008749FE /* Build configuration list for PBXNativeTarget "futbol_iwebUITests" */ = {
			isa = XCConfigurationList;
			buildConfigurations = (
				03D9DFEB1E02085F008749FE /* Debug */,
				03D9DFEC1E02085F008749FE /* Release */,
			);
			defaultConfigurationIsVisible = 0;
		};
/* End XCConfigurationList section */
	};
	rootObject = 03D9DFB41E02085F008749FE /* Project object */;
}
